// !$*UTF8*$!
{
	archiveVersion = 1;
	classes = {
	};
	objectVersion = 46;
	objects = {

/* Begin PBXBuildFile section */
		4B5CA70017B26EFF00BC4B4C /* Foundation.framework in Frameworks */ = {isa = PBXBuildFile; fileRef = 4B5CA6FF17B26EFF00BC4B4C /* Foundation.framework */; };
		4B5CA70217B26EFF00BC4B4C /* CoreGraphics.framework in Frameworks */ = {isa = PBXBuildFile; fileRef = 4B5CA70117B26EFF00BC4B4C /* CoreGraphics.framework */; };
		4B5CA70417B26EFF00BC4B4C /* UIKit.framework in Frameworks */ = {isa = PBXBuildFile; fileRef = 4B5CA70317B26EFF00BC4B4C /* UIKit.framework */; };
		4B5CA70A17B26EFF00BC4B4C /* InfoPlist.strings in Resources */ = {isa = PBXBuildFile; fileRef = 4B5CA70817B26EFF00BC4B4C /* InfoPlist.strings */; };
		4B5CA70C17B26EFF00BC4B4C /* main.m in Sources */ = {isa = PBXBuildFile; fileRef = 4B5CA70B17B26EFF00BC4B4C /* main.m */; };
		4B5CA71017B26EFF00BC4B4C /* AppDelegate.m in Sources */ = {isa = PBXBuildFile; fileRef = 4B5CA70F17B26EFF00BC4B4C /* AppDelegate.m */; };
		4B5CA71317B26EFF00BC4B4C /* Main.storyboard in Resources */ = {isa = PBXBuildFile; fileRef = 4B5CA71117B26EFF00BC4B4C /* Main.storyboard */; };
		4B5CA71617B26EFF00BC4B4C /* MasterViewController.m in Sources */ = {isa = PBXBuildFile; fileRef = 4B5CA71517B26EFF00BC4B4C /* MasterViewController.m */; };
		4B5CA71917B26EFF00BC4B4C /* DetailViewController.m in Sources */ = {isa = PBXBuildFile; fileRef = 4B5CA71817B26EFF00BC4B4C /* DetailViewController.m */; };
		4B5CA71B17B26EFF00BC4B4C /* Images.xcassets in Resources */ = {isa = PBXBuildFile; fileRef = 4B5CA71A17B26EFF00BC4B4C /* Images.xcassets */; };
		4B5CA72217B26EFF00BC4B4C /* XCTest.framework in Frameworks */ = {isa = PBXBuildFile; fileRef = 4B5CA72117B26EFF00BC4B4C /* XCTest.framework */; };
		4B5CA72317B26EFF00BC4B4C /* Foundation.framework in Frameworks */ = {isa = PBXBuildFile; fileRef = 4B5CA6FF17B26EFF00BC4B4C /* Foundation.framework */; };
		4B5CA72417B26EFF00BC4B4C /* UIKit.framework in Frameworks */ = {isa = PBXBuildFile; fileRef = 4B5CA70317B26EFF00BC4B4C /* UIKit.framework */; };
		4B5CA72C17B26EFF00BC4B4C /* InfoPlist.strings in Resources */ = {isa = PBXBuildFile; fileRef = 4B5CA72A17B26EFF00BC4B4C /* InfoPlist.strings */; };
		4B5CA72E17B26EFF00BC4B4C /* AutolayoutExamplesTests.m in Sources */ = {isa = PBXBuildFile; fileRef = 4B5CA72D17B26EFF00BC4B4C /* AutolayoutExamplesTests.m */; };
		4B5CA73917B26FCF00BC4B4C /* FirstViewController.m in Sources */ = {isa = PBXBuildFile; fileRef = 4B5CA73817B26FCF00BC4B4C /* FirstViewController.m */; };
		4B5CA73C17B276DB00BC4B4C /* SecondViewController.m in Sources */ = {isa = PBXBuildFile; fileRef = 4B5CA73B17B276DB00BC4B4C /* SecondViewController.m */; };
		4B5CA73F17B27BD900BC4B4C /* ThirdViewController.m in Sources */ = {isa = PBXBuildFile; fileRef = 4B5CA73E17B27BD900BC4B4C /* ThirdViewController.m */; };
		4B5CA74217B2863300BC4B4C /* FourthViewController.m in Sources */ = {isa = PBXBuildFile; fileRef = 4B5CA74117B2863300BC4B4C /* FourthViewController.m */; };
		4B5CA74B17B2903500BC4B4C /* FifthViewController.m in Sources */ = {isa = PBXBuildFile; fileRef = 4B5CA74A17B2903500BC4B4C /* FifthViewController.m */; };
/* End PBXBuildFile section */

/* Begin PBXContainerItemProxy section */
		4B5CA72517B26EFF00BC4B4C /* PBXContainerItemProxy */ = {
			isa = PBXContainerItemProxy;
			containerPortal = 4B5CA6F417B26EFF00BC4B4C /* Project object */;
			proxyType = 1;
			remoteGlobalIDString = 4B5CA6FB17B26EFF00BC4B4C;
			remoteInfo = AutolayoutExamples;
		};
/* End PBXContainerItemProxy section */

/* Begin PBXFileReference section */
		4B5CA6FC17B26EFF00BC4B4C /* AutolayoutExamples.app */ = {isa = PBXFileReference; explicitFileType = wrapper.application; includeInIndex = 0; path = AutolayoutExamples.app; sourceTree = BUILT_PRODUCTS_DIR; };
		4B5CA6FF17B26EFF00BC4B4C /* Foundation.framework */ = {isa = PBXFileReference; lastKnownFileType = wrapper.framework; name = Foundation.framework; path = System/Library/Frameworks/Foundation.framework; sourceTree = SDKROOT; };
		4B5CA70117B26EFF00BC4B4C /* CoreGraphics.framework */ = {isa = PBXFileReference; lastKnownFileType = wrapper.framework; name = CoreGraphics.framework; path = System/Library/Frameworks/CoreGraphics.framework; sourceTree = SDKROOT; };
		4B5CA70317B26EFF00BC4B4C /* UIKit.framework */ = {isa = PBXFileReference; lastKnownFileType = wrapper.framework; name = UIKit.framework; path = System/Library/Frameworks/UIKit.framework; sourceTree = SDKROOT; };
		4B5CA70717B26EFF00BC4B4C /* AutolayoutExamples-Info.plist */ = {isa = PBXFileReference; lastKnownFileType = text.plist.xml; path = "AutolayoutExamples-Info.plist"; sourceTree = "<group>"; };
		4B5CA70917B26EFF00BC4B4C /* en */ = {isa = PBXFileReference; lastKnownFileType = text.plist.strings; name = en; path = en.lproj/InfoPlist.strings; sourceTree = "<group>"; };
		4B5CA70B17B26EFF00BC4B4C /* main.m */ = {isa = PBXFileReference; lastKnownFileType = sourcecode.c.objc; path = main.m; sourceTree = "<group>"; };
		4B5CA70D17B26EFF00BC4B4C /* AutolayoutExamples-Prefix.pch */ = {isa = PBXFileReference; lastKnownFileType = sourcecode.c.h; path = "AutolayoutExamples-Prefix.pch"; sourceTree = "<group>"; };
		4B5CA70E17B26EFF00BC4B4C /* AppDelegate.h */ = {isa = PBXFileReference; lastKnownFileType = sourcecode.c.h; path = AppDelegate.h; sourceTree = "<group>"; };
		4B5CA70F17B26EFF00BC4B4C /* AppDelegate.m */ = {isa = PBXFileReference; lastKnownFileType = sourcecode.c.objc; path = AppDelegate.m; sourceTree = "<group>"; };
		4B5CA71217B26EFF00BC4B4C /* Base */ = {isa = PBXFileReference; lastKnownFileType = file.storyboard; name = Base; path = Base.lproj/Main.storyboard; sourceTree = "<group>"; };
		4B5CA71417B26EFF00BC4B4C /* MasterViewController.h */ = {isa = PBXFileReference; lastKnownFileType = sourcecode.c.h; path = MasterViewController.h; sourceTree = "<group>"; };
		4B5CA71517B26EFF00BC4B4C /* MasterViewController.m */ = {isa = PBXFileReference; lastKnownFileType = sourcecode.c.objc; path = MasterViewController.m; sourceTree = "<group>"; };
		4B5CA71717B26EFF00BC4B4C /* DetailViewController.h */ = {isa = PBXFileReference; lastKnownFileType = sourcecode.c.h; path = DetailViewController.h; sourceTree = "<group>"; };
		4B5CA71817B26EFF00BC4B4C /* DetailViewController.m */ = {isa = PBXFileReference; lastKnownFileType = sourcecode.c.objc; path = DetailViewController.m; sourceTree = "<group>"; };
		4B5CA71A17B26EFF00BC4B4C /* Images.xcassets */ = {isa = PBXFileReference; lastKnownFileType = folder.assetcatalog; path = Images.xcassets; sourceTree = "<group>"; };
		4B5CA72017B26EFF00BC4B4C /* AutolayoutExamplesTests.xctest */ = {isa = PBXFileReference; explicitFileType = wrapper.cfbundle; includeInIndex = 0; path = AutolayoutExamplesTests.xctest; sourceTree = BUILT_PRODUCTS_DIR; };
		4B5CA72117B26EFF00BC4B4C /* XCTest.framework */ = {isa = PBXFileReference; lastKnownFileType = wrapper.framework; name = XCTest.framework; path = Library/Frameworks/XCTest.framework; sourceTree = DEVELOPER_DIR; };
		4B5CA72917B26EFF00BC4B4C /* AutolayoutExamplesTests-Info.plist */ = {isa = PBXFileReference; lastKnownFileType = text.plist.xml; path = "AutolayoutExamplesTests-Info.plist"; sourceTree = "<group>"; };
		4B5CA72B17B26EFF00BC4B4C /* en */ = {isa = PBXFileReference; lastKnownFileType = text.plist.strings; name = en; path = en.lproj/InfoPlist.strings; sourceTree = "<group>"; };
		4B5CA72D17B26EFF00BC4B4C /* AutolayoutExamplesTests.m */ = {isa = PBXFileReference; lastKnownFileType = sourcecode.c.objc; path = AutolayoutExamplesTests.m; sourceTree = "<group>"; };
		4B5CA73717B26FCF00BC4B4C /* FirstViewController.h */ = {isa = PBXFileReference; fileEncoding = 4; lastKnownFileType = sourcecode.c.h; path = FirstViewController.h; sourceTree = "<group>"; };
		4B5CA73817B26FCF00BC4B4C /* FirstViewController.m */ = {isa = PBXFileReference; fileEncoding = 4; lastKnownFileType = sourcecode.c.objc; path = FirstViewController.m; sourceTree = "<group>"; };
		4B5CA73A17B276DB00BC4B4C /* SecondViewController.h */ = {isa = PBXFileReference; fileEncoding = 4; lastKnownFileType = sourcecode.c.h; path = SecondViewController.h; sourceTree = "<group>"; };
		4B5CA73B17B276DB00BC4B4C /* SecondViewController.m */ = {isa = PBXFileReference; fileEncoding = 4; lastKnownFileType = sourcecode.c.objc; path = SecondViewController.m; sourceTree = "<group>"; };
		4B5CA73D17B27BD900BC4B4C /* ThirdViewController.h */ = {isa = PBXFileReference; fileEncoding = 4; lastKnownFileType = sourcecode.c.h; path = ThirdViewController.h; sourceTree = "<group>"; };
		4B5CA73E17B27BD900BC4B4C /* ThirdViewController.m */ = {isa = PBXFileReference; fileEncoding = 4; lastKnownFileType = sourcecode.c.objc; path = ThirdViewController.m; sourceTree = "<group>"; };
		4B5CA74017B2863300BC4B4C /* FourthViewController.h */ = {isa = PBXFileReference; fileEncoding = 4; lastKnownFileType = sourcecode.c.h; path = FourthViewController.h; sourceTree = "<group>"; };
		4B5CA74117B2863300BC4B4C /* FourthViewController.m */ = {isa = PBXFileReference; fileEncoding = 4; lastKnownFileType = sourcecode.c.objc; path = FourthViewController.m; sourceTree = "<group>"; };
		4B5CA74917B2903500BC4B4C /* FifthViewController.h */ = {isa = PBXFileReference; fileEncoding = 4; lastKnownFileType = sourcecode.c.h; path = FifthViewController.h; sourceTree = "<group>"; };
		4B5CA74A17B2903500BC4B4C /* FifthViewController.m */ = {isa = PBXFileReference; fileEncoding = 4; lastKnownFileType = sourcecode.c.objc; path = FifthViewController.m; sourceTree = "<group>"; };
/* End PBXFileReference section */

/* Begin PBXFrameworksBuildPhase section */
		4B5CA6F917B26EFF00BC4B4C /* Frameworks */ = {
			isa = PBXFrameworksBuildPhase;
			buildActionMask = 2147483647;
			files = (
				4B5CA70217B26EFF00BC4B4C /* CoreGraphics.framework in Frameworks */,
				4B5CA70417B26EFF00BC4B4C /* UIKit.framework in Frameworks */,
				4B5CA70017B26EFF00BC4B4C /* Foundation.framework in Frameworks */,
			);
			runOnlyForDeploymentPostprocessing = 0;
		};
		4B5CA71D17B26EFF00BC4B4C /* Frameworks */ = {
			isa = PBXFrameworksBuildPhase;
			buildActionMask = 2147483647;
			files = (
				4B5CA72217B26EFF00BC4B4C /* XCTest.framework in Frameworks */,
				4B5CA72417B26EFF00BC4B4C /* UIKit.framework in Frameworks */,
				4B5CA72317B26EFF00BC4B4C /* Foundation.framework in Frameworks */,
			);
			runOnlyForDeploymentPostprocessing = 0;
		};
/* End PBXFrameworksBuildPhase section */

/* Begin PBXGroup section */
		4B5CA6F317B26EFF00BC4B4C = {
			isa = PBXGroup;
			children = (
				4B5CA70517B26EFF00BC4B4C /* AutolayoutExamples */,
				4B5CA72717B26EFF00BC4B4C /* AutolayoutExamplesTests */,
				4B5CA6FE17B26EFF00BC4B4C /* Frameworks */,
				4B5CA6FD17B26EFF00BC4B4C /* Products */,
			);
			sourceTree = "<group>";
		};
		4B5CA6FD17B26EFF00BC4B4C /* Products */ = {
			isa = PBXGroup;
			children = (
				4B5CA6FC17B26EFF00BC4B4C /* AutolayoutExamples.app */,
				4B5CA72017B26EFF00BC4B4C /* AutolayoutExamplesTests.xctest */,
			);
			name = Products;
			sourceTree = "<group>";
		};
		4B5CA6FE17B26EFF00BC4B4C /* Frameworks */ = {
			isa = PBXGroup;
			children = (
				4B5CA6FF17B26EFF00BC4B4C /* Foundation.framework */,
				4B5CA70117B26EFF00BC4B4C /* CoreGraphics.framework */,
				4B5CA70317B26EFF00BC4B4C /* UIKit.framework */,
				4B5CA72117B26EFF00BC4B4C /* XCTest.framework */,
			);
			name = Frameworks;
			sourceTree = "<group>";
		};
		4B5CA70517B26EFF00BC4B4C /* AutolayoutExamples */ = {
			isa = PBXGroup;
			children = (
				4B5CA70E17B26EFF00BC4B4C /* AppDelegate.h */,
				4B5CA70F17B26EFF00BC4B4C /* AppDelegate.m */,
				4B5CA71117B26EFF00BC4B4C /* Main.storyboard */,
				4B5CA71417B26EFF00BC4B4C /* MasterViewController.h */,
				4B5CA71517B26EFF00BC4B4C /* MasterViewController.m */,
				4B5CA71717B26EFF00BC4B4C /* DetailViewController.h */,
				4B5CA71817B26EFF00BC4B4C /* DetailViewController.m */,
				4B5CA71A17B26EFF00BC4B4C /* Images.xcassets */,
				4B5CA70617B26EFF00BC4B4C /* Supporting Files */,
				4B5CA73717B26FCF00BC4B4C /* FirstViewController.h */,
				4B5CA73817B26FCF00BC4B4C /* FirstViewController.m */,
				4B5CA73A17B276DB00BC4B4C /* SecondViewController.h */,
				4B5CA73B17B276DB00BC4B4C /* SecondViewController.m */,
				4B5CA73D17B27BD900BC4B4C /* ThirdViewController.h */,
				4B5CA73E17B27BD900BC4B4C /* ThirdViewController.m */,
				4B5CA74017B2863300BC4B4C /* FourthViewController.h */,
				4B5CA74117B2863300BC4B4C /* FourthViewController.m */,
				4B5CA74917B2903500BC4B4C /* FifthViewController.h */,
				4B5CA74A17B2903500BC4B4C /* FifthViewController.m */,
			);
			path = AutolayoutExamples;
			sourceTree = "<group>";
		};
		4B5CA70617B26EFF00BC4B4C /* Supporting Files */ = {
			isa = PBXGroup;
			children = (
				4B5CA70717B26EFF00BC4B4C /* AutolayoutExamples-Info.plist */,
				4B5CA70817B26EFF00BC4B4C /* InfoPlist.strings */,
				4B5CA70B17B26EFF00BC4B4C /* main.m */,
				4B5CA70D17B26EFF00BC4B4C /* AutolayoutExamples-Prefix.pch */,
			);
			name = "Supporting Files";
			sourceTree = "<group>";
		};
		4B5CA72717B26EFF00BC4B4C /* AutolayoutExamplesTests */ = {
			isa = PBXGroup;
			children = (
				4B5CA72D17B26EFF00BC4B4C /* AutolayoutExamplesTests.m */,
				4B5CA72817B26EFF00BC4B4C /* Supporting Files */,
			);
			path = AutolayoutExamplesTests;
			sourceTree = "<group>";
		};
		4B5CA72817B26EFF00BC4B4C /* Supporting Files */ = {
			isa = PBXGroup;
			children = (
				4B5CA72917B26EFF00BC4B4C /* AutolayoutExamplesTests-Info.plist */,
				4B5CA72A17B26EFF00BC4B4C /* InfoPlist.strings */,
			);
			name = "Supporting Files";
			sourceTree = "<group>";
		};
/* End PBXGroup section */

/* Begin PBXNativeTarget section */
		4B5CA6FB17B26EFF00BC4B4C /* AutolayoutExamples */ = {
			isa = PBXNativeTarget;
			buildConfigurationList = 4B5CA73117B26EFF00BC4B4C /* Build configuration list for PBXNativeTarget "AutolayoutExamples" */;
			buildPhases = (
				4B5CA6F817B26EFF00BC4B4C /* Sources */,
				4B5CA6F917B26EFF00BC4B4C /* Frameworks */,
				4B5CA6FA17B26EFF00BC4B4C /* Resources */,
			);
			buildRules = (
			);
			dependencies = (
			);
			name = AutolayoutExamples;
			productName = AutolayoutExamples;
			productReference = 4B5CA6FC17B26EFF00BC4B4C /* AutolayoutExamples.app */;
			productType = "com.apple.product-type.application";
		};
		4B5CA71F17B26EFF00BC4B4C /* AutolayoutExamplesTests */ = {
			isa = PBXNativeTarget;
			buildConfigurationList = 4B5CA73417B26EFF00BC4B4C /* Build configuration list for PBXNativeTarget "AutolayoutExamplesTests" */;
			buildPhases = (
				4B5CA71C17B26EFF00BC4B4C /* Sources */,
				4B5CA71D17B26EFF00BC4B4C /* Frameworks */,
				4B5CA71E17B26EFF00BC4B4C /* Resources */,
			);
			buildRules = (
			);
			dependencies = (
				4B5CA72617B26EFF00BC4B4C /* PBXTargetDependency */,
			);
			name = AutolayoutExamplesTests;
			productName = AutolayoutExamplesTests;
			productReference = 4B5CA72017B26EFF00BC4B4C /* AutolayoutExamplesTests.xctest */;
			productType = "com.apple.product-type.bundle.unit-test";
		};
/* End PBXNativeTarget section */

/* Begin PBXProject section */
		4B5CA6F417B26EFF00BC4B4C /* Project object */ = {
			isa = PBXProject;
			attributes = {
				LastUpgradeCheck = 0500;
				ORGANIZATIONNAME = "Petr Pavlik";
				TargetAttributes = {
					4B5CA71F17B26EFF00BC4B4C = {
						TestTargetID = 4B5CA6FB17B26EFF00BC4B4C;
					};
				};
			};
			buildConfigurationList = 4B5CA6F717B26EFF00BC4B4C /* Build configuration list for PBXProject "AutolayoutExamples" */;
			compatibilityVersion = "Xcode 3.2";
			developmentRegion = English;
			hasScannedForEncodings = 0;
			knownRegions = (
				en,
				Base,
			);
			mainGroup = 4B5CA6F317B26EFF00BC4B4C;
			productRefGroup = 4B5CA6FD17B26EFF00BC4B4C /* Products */;
			projectDirPath = "";
			projectRoot = "";
			targets = (
				4B5CA6FB17B26EFF00BC4B4C /* AutolayoutExamples */,
				4B5CA71F17B26EFF00BC4B4C /* AutolayoutExamplesTests */,
			);
		};
/* End PBXProject section */

/* Begin PBXResourcesBuildPhase section */
		4B5CA6FA17B26EFF00BC4B4C /* Resources */ = {
			isa = PBXResourcesBuildPhase;
			buildActionMask = 2147483647;
			files = (
				4B5CA71B17B26EFF00BC4B4C /* Images.xcassets in Resources */,
				4B5CA70A17B26EFF00BC4B4C /* InfoPlist.strings in Resources */,
				4B5CA71317B26EFF00BC4B4C /* Main.storyboard in Resources */,
			);
			runOnlyForDeploymentPostprocessing = 0;
		};
		4B5CA71E17B26EFF00BC4B4C /* Resources */ = {
			isa = PBXResourcesBuildPhase;
			buildActionMask = 2147483647;
			files = (
				4B5CA72C17B26EFF00BC4B4C /* InfoPlist.strings in Resources */,
			);
			runOnlyForDeploymentPostprocessing = 0;
		};
/* End PBXResourcesBuildPhase section */

/* Begin PBXSourcesBuildPhase section */
		4B5CA6F817B26EFF00BC4B4C /* Sources */ = {
			isa = PBXSourcesBuildPhase;
			buildActionMask = 2147483647;
			files = (
				4B5CA74B17B2903500BC4B4C /* FifthViewController.m in Sources */,
				4B5CA74217B2863300BC4B4C /* FourthViewController.m in Sources */,
				4B5CA73C17B276DB00BC4B4C /* SecondViewController.m in Sources */,
				4B5CA71017B26EFF00BC4B4C /* AppDelegate.m in Sources */,
				4B5CA71617B26EFF00BC4B4C /* MasterViewController.m in Sources */,
				4B5CA73917B26FCF00BC4B4C /* FirstViewController.m in Sources */,
				4B5CA70C17B26EFF00BC4B4C /* main.m in Sources */,
				4B5CA71917B26EFF00BC4B4C /* DetailViewController.m in Sources */,
				4B5CA73F17B27BD900BC4B4C /* ThirdViewController.m in Sources */,
			);
			runOnlyForDeploymentPostprocessing = 0;
		};
		4B5CA71C17B26EFF00BC4B4C /* Sources */ = {
			isa = PBXSourcesBuildPhase;
			buildActionMask = 2147483647;
			files = (
				4B5CA72E17B26EFF00BC4B4C /* AutolayoutExamplesTests.m in Sources */,
			);
			runOnlyForDeploymentPostprocessing = 0;
		};
/* End PBXSourcesBuildPhase section */

/* Begin PBXTargetDependency section */
		4B5CA72617B26EFF00BC4B4C /* PBXTargetDependency */ = {
			isa = PBXTargetDependency;
			target = 4B5CA6FB17B26EFF00BC4B4C /* AutolayoutExamples */;
			targetProxy = 4B5CA72517B26EFF00BC4B4C /* PBXContainerItemProxy */;
		};
/* End PBXTargetDependency section */

/* Begin PBXVariantGroup section */
		4B5CA70817B26EFF00BC4B4C /* InfoPlist.strings */ = {
			isa = PBXVariantGroup;
			children = (
				4B5CA70917B26EFF00BC4B4C /* en */,
			);
			name = InfoPlist.strings;
			sourceTree = "<group>";
		};
		4B5CA71117B26EFF00BC4B4C /* Main.storyboard */ = {
			isa = PBXVariantGroup;
			children = (
				4B5CA71217B26EFF00BC4B4C /* Base */,
			);
			name = Main.storyboard;
			sourceTree = "<group>";
		};
		4B5CA72A17B26EFF00BC4B4C /* InfoPlist.strings */ = {
			isa = PBXVariantGroup;
			children = (
				4B5CA72B17B26EFF00BC4B4C /* en */,
			);
			name = InfoPlist.strings;
			sourceTree = "<group>";
		};
/* End PBXVariantGroup section */

/* Begin XCBuildConfiguration section */
		4B5CA72F17B26EFF00BC4B4C /* Debug */ = {
			isa = XCBuildConfiguration;
			buildSettings = {
				ALWAYS_SEARCH_USER_PATHS = NO;
				CLANG_CXX_LANGUAGE_STANDARD = "gnu++0x";
				CLANG_CXX_LIBRARY = "libc++";
				CLANG_ENABLE_MODULES = YES;
				CLANG_ENABLE_OBJC_ARC = YES;
				CLANG_WARN_BOOL_CONVERSION = YES;
				CLANG_WARN_CONSTANT_CONVERSION = YES;
				CLANG_WARN_DIRECT_OBJC_ISA_USAGE = YES_ERROR;
				CLANG_WARN_EMPTY_BODY = YES;
				CLANG_WARN_ENUM_CONVERSION = YES;
				CLANG_WARN_INT_CONVERSION = YES;
				CLANG_WARN_OBJC_ROOT_CLASS = YES_ERROR;
				CLANG_WARN__DUPLICATE_METHOD_MATCH = YES;
				"CODE_SIGN_IDENTITY[sdk=iphoneos*]" = "iPhone Developer";
				COPY_PHASE_STRIP = NO;
				GCC_C_LANGUAGE_STANDARD = gnu99;
				GCC_DYNAMIC_NO_PIC = NO;
				GCC_OPTIMIZATION_LEVEL = 0;
				GCC_PREPROCESSOR_DEFINITIONS = (
					"DEBUG=1",
					"$(inherited)",
				);
				GCC_SYMBOLS_PRIVATE_EXTERN = NO;
				GCC_WARN_ABOUT_RETURN_TYPE = YES_ERROR;
				GCC_WARN_UNDECLARED_SELECTOR = YES;
				GCC_WARN_UNINITIALIZED_AUTOS = YES;
				GCC_WARN_UNUSED_FUNCTION = YES;
				GCC_WARN_UNUSED_VARIABLE = YES;
				IPHONEOS_DEPLOYMENT_TARGET = 7.0;
				ONLY_ACTIVE_ARCH = YES;
				SDKROOT = iphoneos;
			};
			name = Debug;
		};
		4B5CA73017B26EFF00BC4B4C /* Release */ = {
			isa = XCBuildConfiguration;
			buildSettings = {
				ALWAYS_SEARCH_USER_PATHS = NO;
				CLANG_CXX_LANGUAGE_STANDARD = "gnu++0x";
				CLANG_CXX_LIBRARY = "libc++";
				CLANG_ENABLE_MODULES = YES;
				CLANG_ENABLE_OBJC_ARC = YES;
				CLANG_WARN_BOOL_CONVERSION = YES;
				CLANG_WARN_CONSTANT_CONVERSION = YES;
				CLANG_WARN_DIRECT_OBJC_ISA_USAGE = YES_ERROR;
				CLANG_WARN_EMPTY_BODY = YES;
				CLANG_WARN_ENUM_CONVERSION = YES;
				CLANG_WARN_INT_CONVERSION = YES;
				CLANG_WARN_OBJC_ROOT_CLASS = YES_ERROR;
				CLANG_WARN__DUPLICATE_METHOD_MATCH = YES;
				"CODE_SIGN_IDENTITY[sdk=iphoneos*]" = "iPhone Developer";
				COPY_PHASE_STRIP = YES;
				ENABLE_NS_ASSERTIONS = NO;
				GCC_C_LANGUAGE_STANDARD = gnu99;
				GCC_WARN_ABOUT_RETURN_TYPE = YES_ERROR;
				GCC_WARN_UNDECLARED_SELECTOR = YES;
				GCC_WARN_UNINITIALIZED_AUTOS = YES;
				GCC_WARN_UNUSED_FUNCTION = YES;
				GCC_WARN_UNUSED_VARIABLE = YES;
				IPHONEOS_DEPLOYMENT_TARGET = 7.0;
				SDKROOT = iphoneos;
				VALIDATE_PRODUCT = YES;
			};
			name = Release;
		};
		4B5CA73217B26EFF00BC4B4C /* Debug */ = {
			isa = XCBuildConfiguration;
			buildSettings = {
				ASSETCATALOG_COMPILER_APPICON_NAME = AppIcon;
				ASSETCATALOG_COMPILER_LAUNCHIMAGE_NAME = LaunchImage;
				GCC_PRECOMPILE_PREFIX_HEADER = YES;
				GCC_PREFIX_HEADER = "AutolayoutExamples/AutolayoutExamples-Prefix.pch";
				INFOPLIST_FILE = "AutolayoutExamples/AutolayoutExamples-Info.plist";
				PRODUCT_NAME = "$(TARGET_NAME)";
				WRAPPER_EXTENSION = app;
			};
			name = Debug;
		};
		4B5CA73317B26EFF00BC4B4C /* Release */ = {
			isa = XCBuildConfiguration;
			buildSettings = {
				ASSETCATALOG_COMPILER_APPICON_NAME = AppIcon;
				ASSETCATALOG_COMPILER_LAUNCHIMAGE_NAME = LaunchImage;
				GCC_PRECOMPILE_PREFIX_HEADER = YES;
				GCC_PREFIX_HEADER = "AutolayoutExamples/AutolayoutExamples-Prefix.pch";
				INFOPLIST_FILE = "AutolayoutExamples/AutolayoutExamples-Info.plist";
				PRODUCT_NAME = "$(TARGET_NAME)";
				WRAPPER_EXTENSION = app;
			};
			name = Release;
		};
		4B5CA73517B26EFF00BC4B4C /* Debug */ = {
			isa = XCBuildConfiguration;
			buildSettings = {
				BUNDLE_LOADER = "$(BUILT_PRODUCTS_DIR)/AutolayoutExamples.app/AutolayoutExamples";
				FRAMEWORK_SEARCH_PATHS = (
					"$(SDKROOT)/Developer/Library/Frameworks",
					"$(inherited)",
					"$(DEVELOPER_FRAMEWORKS_DIR)",
				);
				GCC_PRECOMPILE_PREFIX_HEADER = YES;
				GCC_PREFIX_HEADER = "AutolayoutExamples/AutolayoutExamples-Prefix.pch";
				GCC_PREPROCESSOR_DEFINITIONS = (
					"DEBUG=1",
					"$(inherited)",
				);
				INFOPLIST_FILE = "AutolayoutExamplesTests/AutolayoutExamplesTests-Info.plist";
				PRODUCT_NAME = "$(TARGET_NAME)";
				TEST_HOST = "$(BUNDLE_LOADER)";
				WRAPPER_EXTENSION = xctest;
			};
			name = Debug;
		};
		4B5CA73617B26EFF00BC4B4C /* Release */ = {
			isa = XCBuildConfiguration;
			buildSettings = {
				BUNDLE_LOADER = "$(BUILT_PRODUCTS_DIR)/AutolayoutExamples.app/AutolayoutExamples";
				FRAMEWORK_SEARCH_PATHS = (
					"$(SDKROOT)/Developer/Library/Frameworks",
					"$(inherited)",
					"$(DEVELOPER_FRAMEWORKS_DIR)",
				);
				GCC_PRECOMPILE_PREFIX_HEADER = YES;
				GCC_PREFIX_HEADER = "AutolayoutExamples/AutolayoutExamples-Prefix.pch";
				INFOPLIST_FILE = "AutolayoutExamplesTests/AutolayoutExamplesTests-Info.plist";
				PRODUCT_NAME = "$(TARGET_NAME)";
				TEST_HOST = "$(BUNDLE_LOADER)";
				WRAPPER_EXTENSION = xctest;
			};
			name = Release;
		};
/* End XCBuildConfiguration section */

/* Begin XCConfigurationList section */
		4B5CA6F717B26EFF00BC4B4C /* Build configuration list for PBXProject "AutolayoutExamples" */ = {
			isa = XCConfigurationList;
			buildConfigurations = (
				4B5CA72F17B26EFF00BC4B4C /* Debug */,
				4B5CA73017B26EFF00BC4B4C /* Release */,
			);
			defaultConfigurationIsVisible = 0;
			defaultConfigurationName = Release;
		};
		4B5CA73117B26EFF00BC4B4C /* Build configuration list for PBXNativeTarget "AutolayoutExamples" */ = {
			isa = XCConfigurationList;
			buildConfigurations = (
				4B5CA73217B26EFF00BC4B4C /* Debug */,
				4B5CA73317B26EFF00BC4B4C /* Release */,
			);
			defaultConfigurationIsVisible = 0;
		};
		4B5CA73417B26EFF00BC4B4C /* Build configuration list for PBXNativeTarget "AutolayoutExamplesTests" */ = {
			isa = XCConfigurationList;
			buildConfigurations = (
				4B5CA73517B26EFF00BC4B4C /* Debug */,
				4B5CA73617B26EFF00BC4B4C /* Release */,
			);
			defaultConfigurationIsVisible = 0;
		};
/* End XCConfigurationList section */
	};
	rootObject = 4B5CA6F417B26EFF00BC4B4C /* Project object */;
}
